
Microsoft Visual Studio Solution File, Format Version 12.00
# Visual Studio Version 16
VisualStudioVersion = 16.0.31112.23
MinimumVisualStudioVersion = 10.0.40219.1
Project("{FAE04EC0-301F-11D3-BF4B-00C04F79EFBC}") = "QLTiemChung", "QLTiemChung.csproj", "{DBC6C2E2-CF35-46B3-88A7-717BF16B006F}"
EndProject
Global
	GlobalSection(SolutionConfigurationPlatforms) = preSolution
		Debug|Any CPU = Debug|Any CPU
		Release|Any CPU = Release|Any CPU
	EndGlobalSection
	GlobalSection(ProjectConfigurationPlatforms) = postSolution
		{DBC6C2E2-CF35-46B3-88A7-717BF16B006F}.Debug|Any CPU.ActiveCfg = Debug|Any CPU
		{DBC6C2E2-CF35-46B3-88A7-717BF16B006F}.Debug|Any CPU.Build.0 = Debug|Any CPU
		{DBC6C2E2-CF35-46B3-88A7-717BF16B006F}.Release|Any CPU.ActiveCfg = Release|Any CPU
		{DBC6C2E2-CF35-46B3-88A7-717BF16B006F}.Release|Any CPU.Build.0 = Release|Any CPU
	EndGlobalSection
	GlobalSection(SolutionProperties) = preSolution
		HideSolutionNode = FALSE
	EndGlobalSection
	GlobalSection(ExtensibilityGlobals) = postSolution
		SolutionGuid = {26DC3A77-FB0C-4C10-BF4B-EE0B310BDCF1}
	EndGlobalSection
EndGlobal
